
Microsoft Visual Studio Solution File, Format Version 12.00
# Visual Studio Version 16
VisualStudioVersion = 16.0.30907.101
MinimumVisualStudioVersion = 10.0.40219.1
Project("{FAE04EC0-301F-11D3-BF4B-00C04F79EFBC}") = "AuroraGUI", "AuroraGUI\AuroraGUI.csproj", "{703E4F90-D3E5-4E13-9C68-59A68246913B}"
EndProject
Global
	GlobalSection(SolutionConfigurationPlatforms) = preSolution
		Debug|Any CPU = Debug|Any CPU
		Release|Any CPU = Release|Any CPU
	EndGlobalSection
	GlobalSection(ProjectConfigurationPlatforms) = postSolution
		{703E4F90-D3E5-4E13-9C68-59A68246913B}.Debug|Any CPU.ActiveCfg = Debug|Any CPU
		{703E4F90-D3E5-4E13-9C68-59A68246913B}.Debug|Any CPU.Build.0 = Debug|Any CPU
		{703E4F90-D3E5-4E13-9C68-59A68246913B}.Release|Any CPU.ActiveCfg = Release|Any CPU
		{703E4F90-D3E5-4E13-9C68-59A68246913B}.Release|Any CPU.Build.0 = Release|Any CPU
	EndGlobalSection
	GlobalSection(SolutionProperties) = preSolution
		HideSolutionNode = FALSE
	EndGlobalSection
	GlobalSection(ExtensibilityGlobals) = postSolution
		SolutionGuid = {910AF342-BEE4-4C23-A3B2-D9D056A8EBA8}
	EndGlobalSection
EndGlobal
